
Microsoft Visual Studio Solution File, Format Version 12.00
# Visual Studio Version 17
VisualStudioVersion = 17.5.002.0
MinimumVisualStudioVersion = 10.0.40219.1
Project("{9A19103F-16F7-4668-BE54-9A1E7A4F7556}") = "wtamucis3312final", "wtamucis3312final.csproj", "{B15ECF7A-2B43-4B4B-B76C-1C766574CCC1}"
EndProject
Global
	GlobalSection(SolutionConfigurationPlatforms) = preSolution
		Debug|Any CPU = Debug|Any CPU
		Release|Any CPU = Release|Any CPU
	EndGlobalSection
	GlobalSection(ProjectConfigurationPlatforms) = postSolution
		{B15ECF7A-2B43-4B4B-B76C-1C766574CCC1}.Debug|Any CPU.ActiveCfg = Debug|Any CPU
		{B15ECF7A-2B43-4B4B-B76C-1C766574CCC1}.Debug|Any CPU.Build.0 = Debug|Any CPU
		{B15ECF7A-2B43-4B4B-B76C-1C766574CCC1}.Release|Any CPU.ActiveCfg = Release|Any CPU
		{B15ECF7A-2B43-4B4B-B76C-1C766574CCC1}.Release|Any CPU.Build.0 = Release|Any CPU
	EndGlobalSection
	GlobalSection(SolutionProperties) = preSolution
		HideSolutionNode = FALSE
	EndGlobalSection
	GlobalSection(ExtensibilityGlobals) = postSolution
		SolutionGuid = {0929AE70-6142-4D1C-BB35-CC6A94C1A7D2}
	EndGlobalSection
EndGlobal
